{
  "name": "test",
  "version": "1.0.0",
  "lockfileVersion": 3,
  "requires": true,
  "packages": {
    "": {
      "name": "test",
      "version": "1.0.0",
      "license": "ISC",
      "dependencies": {
        "my-envprinter": "^4.0.13"
      }
    },
    "node_modules/dotenv": {
      "version": "17.2.3",
      "resolved": "https://registry.npmjs.org/dotenv/-/dotenv-17.2.3.tgz",
      "integrity": "sha512-JVUnt+DUIzu87TABbhPmNfVdBDt18BLOWjMUFJMSi/Qqg7NTYtabbvSNJGOJ7afbRuv9D/lngizHtP7QyLQ+9w==",
      "license": "BSD-2-Clause",
      "engines": {
        "node": ">=12"
      },
      "funding": {
        "url": "https://dotenvx.com"
      }
    },
    "node_modules/my-envprinter": {
      "version": "4.0.13",
      "resolved": "https://registry.npmjs.org/my-envprinter/-/my-envprinter-4.0.13.tgz",
      "integrity": "sha512-6P/d6c0DVajWWUR9b4tbD2zwyHR0ZKjl5XwctZutqyP4fBVg5DwDpcS9y4djoeWtyxVhrrfzhAJUjaKsplo1pw==",
      "license": "ISC",
      "dependencies": {
        "dotenv": "^17.2.3"
      }
    }
  }
}
